
Microsoft Visual Studio Solution File, Format Version 12.00
# Visual Studio Version 16
VisualStudioVersion = 16.0.30320.27
MinimumVisualStudioVersion = 10.0.40219.1
Project("{FAE04EC0-301F-11D3-BF4B-00C04F79EFBC}") = "CRUDMsAccess", "CRUDMsAccess\CRUDMsAccess.csproj", "{DD471C3E-BC8C-44BD-AB22-D782C6238067}"
EndProject
Global
	GlobalSection(SolutionConfigurationPlatforms) = preSolution
		Debug|Any CPU = Debug|Any CPU
		Release|Any CPU = Release|Any CPU
	EndGlobalSection
	GlobalSection(ProjectConfigurationPlatforms) = postSolution
		{DD471C3E-BC8C-44BD-AB22-D782C6238067}.Debug|Any CPU.ActiveCfg = Debug|Any CPU
		{DD471C3E-BC8C-44BD-AB22-D782C6238067}.Debug|Any CPU.Build.0 = Debug|Any CPU
		{DD471C3E-BC8C-44BD-AB22-D782C6238067}.Release|Any CPU.ActiveCfg = Release|Any CPU
		{DD471C3E-BC8C-44BD-AB22-D782C6238067}.Release|Any CPU.Build.0 = Release|Any CPU
	EndGlobalSection
	GlobalSection(SolutionProperties) = preSolution
		HideSolutionNode = FALSE
	EndGlobalSection
	GlobalSection(ExtensibilityGlobals) = postSolution
		SolutionGuid = {41F25784-01DB-4961-8B74-F803BF835B4F}
	EndGlobalSection
EndGlobal
